
Microsoft Visual Studio Solution File, Format Version 12.00
# Visual Studio Version 17
VisualStudioVersion = 17.11.35312.102
MinimumVisualStudioVersion = 10.0.40219.1
Project("{FAE04EC0-301F-11D3-BF4B-00C04F79EFBC}") = "01_MainSubjects", "01_MainSubjects\01_MainSubjects.csproj", "{7EE6A7C3-6582-4BB2-9F04-2D88E3E8355B}"
EndProject
Project("{FAE04EC0-301F-11D3-BF4B-00C04F79EFBC}") = "03_MakingDecision", "03_MakingDecision\03_MakingDecision.csproj", "{87189C26-6755-4718-8CC5-05FBA8116E0F}"
EndProject
Project("{FAE04EC0-301F-11D3-BF4B-00C04F79EFBC}") = "04_Loops", "04_Loops\04_Loops.csproj", "{606D1DA9-43E0-4445-8AA2-0B1EE4D02EEF}"
EndProject
Project("{FAE04EC0-301F-11D3-BF4B-00C04F79EFBC}") = "05_LoopsWithStars", "05_LoopsWithStars\05_LoopsWithStars.csproj", "{12B1C994-ADC0-46A3-B746-9AB7EFF7EEC7}"
EndProject
Project("{FAE04EC0-301F-11D3-BF4B-00C04F79EFBC}") = "02_Variables", "02_Variables\02_Variables.csproj", "{E9C94C4F-D009-4916-B8A1-FBC5C5A30EA1}"
EndProject
Project("{9A19103F-16F7-4668-BE54-9A1E7A4F7556}") = "06_Arrays", "06_Arrays\06_Arrays.csproj", "{5E30D5D8-7D7F-4981-96CB-9DA27AAB9728}"
EndProject
Project("{FAE04EC0-301F-11D3-BF4B-00C04F79EFBC}") = "07_ForEachLoop", "07_ForEachLoop\07_ForEachLoop.csproj", "{A0BB8655-F797-4745-B371-2CA0F292EF2D}"
EndProject
Global
	GlobalSection(SolutionConfigurationPlatforms) = preSolution
		Debug|Any CPU = Debug|Any CPU
		Release|Any CPU = Release|Any CPU
	EndGlobalSection
	GlobalSection(ProjectConfigurationPlatforms) = postSolution
		{7EE6A7C3-6582-4BB2-9F04-2D88E3E8355B}.Debug|Any CPU.ActiveCfg = Debug|Any CPU
		{7EE6A7C3-6582-4BB2-9F04-2D88E3E8355B}.Debug|Any CPU.Build.0 = Debug|Any CPU
		{7EE6A7C3-6582-4BB2-9F04-2D88E3E8355B}.Release|Any CPU.ActiveCfg = Release|Any CPU
		{7EE6A7C3-6582-4BB2-9F04-2D88E3E8355B}.Release|Any CPU.Build.0 = Release|Any CPU
		{87189C26-6755-4718-8CC5-05FBA8116E0F}.Debug|Any CPU.ActiveCfg = Debug|Any CPU
		{87189C26-6755-4718-8CC5-05FBA8116E0F}.Debug|Any CPU.Build.0 = Debug|Any CPU
		{87189C26-6755-4718-8CC5-05FBA8116E0F}.Release|Any CPU.ActiveCfg = Release|Any CPU
		{87189C26-6755-4718-8CC5-05FBA8116E0F}.Release|Any CPU.Build.0 = Release|Any CPU
		{606D1DA9-43E0-4445-8AA2-0B1EE4D02EEF}.Debug|Any CPU.ActiveCfg = Debug|Any CPU
		{606D1DA9-43E0-4445-8AA2-0B1EE4D02EEF}.Debug|Any CPU.Build.0 = Debug|Any CPU
		{606D1DA9-43E0-4445-8AA2-0B1EE4D02EEF}.Release|Any CPU.ActiveCfg = Release|Any CPU
		{606D1DA9-43E0-4445-8AA2-0B1EE4D02EEF}.Release|Any CPU.Build.0 = Release|Any CPU
		{12B1C994-ADC0-46A3-B746-9AB7EFF7EEC7}.Debug|Any CPU.ActiveCfg = Debug|Any CPU
		{12B1C994-ADC0-46A3-B746-9AB7EFF7EEC7}.Debug|Any CPU.Build.0 = Debug|Any CPU
		{12B1C994-ADC0-46A3-B746-9AB7EFF7EEC7}.Release|Any CPU.ActiveCfg = Release|Any CPU
		{12B1C994-ADC0-46A3-B746-9AB7EFF7EEC7}.Release|Any CPU.Build.0 = Release|Any CPU
		{E9C94C4F-D009-4916-B8A1-FBC5C5A30EA1}.Debug|Any CPU.ActiveCfg = Debug|Any CPU
		{E9C94C4F-D009-4916-B8A1-FBC5C5A30EA1}.Debug|Any CPU.Build.0 = Debug|Any CPU
		{E9C94C4F-D009-4916-B8A1-FBC5C5A30EA1}.Release|Any CPU.ActiveCfg = Release|Any CPU
		{E9C94C4F-D009-4916-B8A1-FBC5C5A30EA1}.Release|Any CPU.Build.0 = Release|Any CPU
		{5E30D5D8-7D7F-4981-96CB-9DA27AAB9728}.Debug|Any CPU.ActiveCfg = Debug|Any CPU
		{5E30D5D8-7D7F-4981-96CB-9DA27AAB9728}.Debug|Any CPU.Build.0 = Debug|Any CPU
		{5E30D5D8-7D7F-4981-96CB-9DA27AAB9728}.Release|Any CPU.ActiveCfg = Release|Any CPU
		{5E30D5D8-7D7F-4981-96CB-9DA27AAB9728}.Release|Any CPU.Build.0 = Release|Any CPU
		{A0BB8655-F797-4745-B371-2CA0F292EF2D}.Debug|Any CPU.ActiveCfg = Debug|Any CPU
		{A0BB8655-F797-4745-B371-2CA0F292EF2D}.Debug|Any CPU.Build.0 = Debug|Any CPU
		{A0BB8655-F797-4745-B371-2CA0F292EF2D}.Release|Any CPU.ActiveCfg = Release|Any CPU
		{A0BB8655-F797-4745-B371-2CA0F292EF2D}.Release|Any CPU.Build.0 = Release|Any CPU
	EndGlobalSection
	GlobalSection(SolutionProperties) = preSolution
		HideSolutionNode = FALSE
	EndGlobalSection
	GlobalSection(ExtensibilityGlobals) = postSolution
		SolutionGuid = {E0359B1E-F608-4839-9745-E2AF14CDE688}
	EndGlobalSection
EndGlobal
